
Microsoft Visual Studio Solution File, Format Version 12.00
# Visual Studio Version 17
VisualStudioVersion = 17.6.33723.286
MinimumVisualStudioVersion = 10.0.40219.1
Project("{2150E333-8FDC-42A3-9474-1A3956D46DE8}") = "Docker", "Docker", "{380F4BD7-1C26-4091-B802-27311A7E7F15}"
EndProject
Project("{2150E333-8FDC-42A3-9474-1A3956D46DE8}") = "Src", "Src", "{7AE02564-40D5-4C6B-A125-B103CCB49326}"
EndProject
Project("{FAE04EC0-301F-11D3-BF4B-00C04F79EFBC}") = "ElasticSearchProduct.API", "Src\ElasticSearchProduct.API\ElasticSearchProduct.API.csproj", "{589512F9-091F-43EA-B289-9F8600EC2C02}"
EndProject
Global
	GlobalSection(SolutionConfigurationPlatforms) = preSolution
		Debug|Any CPU = Debug|Any CPU
		Release|Any CPU = Release|Any CPU
	EndGlobalSection
	GlobalSection(ProjectConfigurationPlatforms) = postSolution
		{589512F9-091F-43EA-B289-9F8600EC2C02}.Debug|Any CPU.ActiveCfg = Debug|Any CPU
		{589512F9-091F-43EA-B289-9F8600EC2C02}.Debug|Any CPU.Build.0 = Debug|Any CPU
		{589512F9-091F-43EA-B289-9F8600EC2C02}.Release|Any CPU.ActiveCfg = Release|Any CPU
		{589512F9-091F-43EA-B289-9F8600EC2C02}.Release|Any CPU.Build.0 = Release|Any CPU
	EndGlobalSection
	GlobalSection(SolutionProperties) = preSolution
		HideSolutionNode = FALSE
	EndGlobalSection
	GlobalSection(NestedProjects) = preSolution
		{589512F9-091F-43EA-B289-9F8600EC2C02} = {7AE02564-40D5-4C6B-A125-B103CCB49326}
	EndGlobalSection
	GlobalSection(ExtensibilityGlobals) = postSolution
		SolutionGuid = {3CC03516-F9E2-4CF1-9F09-EA8B4635D4C5}
	EndGlobalSection
EndGlobal
